
Microsoft Visual Studio Solution File, Format Version 12.00
# Visual Studio Version 16
VisualStudioVersion = 16.0.29613.14
MinimumVisualStudioVersion = 10.0.40219.1
Project("{8BC9CEB8-8B4A-11D0-8D11-00A0C91BC942}") = "Stack", "StackQueue\StackQueue.vcxproj", "{28DEB53C-EF52-4040-BCE7-5AC0F07371A3}"
EndProject
Project("{8BC9CEB8-8B4A-11D0-8D11-00A0C91BC942}") = "Queue", "Queue\Queue.vcxproj", "{D836948F-F187-4A30-9BD9-F1AE9BE23910}"
EndProject
Global
	GlobalSection(SolutionConfigurationPlatforms) = preSolution
		Debug|x64 = Debug|x64
		Debug|x86 = Debug|x86
		Release|x64 = Release|x64
		Release|x86 = Release|x86
	EndGlobalSection
	GlobalSection(ProjectConfigurationPlatforms) = postSolution
		{28DEB53C-EF52-4040-BCE7-5AC0F07371A3}.Debug|x64.ActiveCfg = Debug|x64
		{28DEB53C-EF52-4040-BCE7-5AC0F07371A3}.Debug|x64.Build.0 = Debug|x64
		{28DEB53C-EF52-4040-BCE7-5AC0F07371A3}.Debug|x86.ActiveCfg = Debug|Win32
		{28DEB53C-EF52-4040-BCE7-5AC0F07371A3}.Debug|x86.Build.0 = Debug|Win32
		{28DEB53C-EF52-4040-BCE7-5AC0F07371A3}.Release|x64.ActiveCfg = Release|x64
		{28DEB53C-EF52-4040-BCE7-5AC0F07371A3}.Release|x64.Build.0 = Release|x64
		{28DEB53C-EF52-4040-BCE7-5AC0F07371A3}.Release|x86.ActiveCfg = Release|Win32
		{28DEB53C-EF52-4040-BCE7-5AC0F07371A3}.Release|x86.Build.0 = Release|Win32
		{D836948F-F187-4A30-9BD9-F1AE9BE23910}.Debug|x64.ActiveCfg = Debug|x64
		{D836948F-F187-4A30-9BD9-F1AE9BE23910}.Debug|x64.Build.0 = Debug|x64
		{D836948F-F187-4A30-9BD9-F1AE9BE23910}.Debug|x86.ActiveCfg = Debug|Win32
		{D836948F-F187-4A30-9BD9-F1AE9BE23910}.Debug|x86.Build.0 = Debug|Win32
		{D836948F-F187-4A30-9BD9-F1AE9BE23910}.Release|x64.ActiveCfg = Release|x64
		{D836948F-F187-4A30-9BD9-F1AE9BE23910}.Release|x64.Build.0 = Release|x64
		{D836948F-F187-4A30-9BD9-F1AE9BE23910}.Release|x86.ActiveCfg = Release|Win32
		{D836948F-F187-4A30-9BD9-F1AE9BE23910}.Release|x86.Build.0 = Release|Win32
	EndGlobalSection
	GlobalSection(SolutionProperties) = preSolution
		HideSolutionNode = FALSE
	EndGlobalSection
	GlobalSection(ExtensibilityGlobals) = postSolution
		SolutionGuid = {79F3F33A-8E2E-413D-8696-0662AC6CEDBB}
	EndGlobalSection
EndGlobal
